
Microsoft Visual Studio Solution File, Format Version 12.00
# Visual Studio 15
VisualStudioVersion = 15.0.27703.2026
MinimumVisualStudioVersion = 10.0.40219.1
Project("{FAE04EC0-301F-11D3-BF4B-00C04F79EFBC}") = "KidsChart", "KidsChart\KidsChart.csproj", "{47226E54-A563-4FC0-B13C-D170B0DD8ACB}"
EndProject
Global
	GlobalSection(SolutionConfigurationPlatforms) = preSolution
		Debug|Any CPU = Debug|Any CPU
		Release|Any CPU = Release|Any CPU
	EndGlobalSection
	GlobalSection(ProjectConfigurationPlatforms) = postSolution
		{47226E54-A563-4FC0-B13C-D170B0DD8ACB}.Debug|Any CPU.ActiveCfg = Debug|Any CPU
		{47226E54-A563-4FC0-B13C-D170B0DD8ACB}.Debug|Any CPU.Build.0 = Debug|Any CPU
		{47226E54-A563-4FC0-B13C-D170B0DD8ACB}.Release|Any CPU.ActiveCfg = Release|Any CPU
		{47226E54-A563-4FC0-B13C-D170B0DD8ACB}.Release|Any CPU.Build.0 = Release|Any CPU
	EndGlobalSection
	GlobalSection(SolutionProperties) = preSolution
		HideSolutionNode = FALSE
	EndGlobalSection
	GlobalSection(ExtensibilityGlobals) = postSolution
		SolutionGuid = {2E690FB6-F821-4896-9F50-5BFC2A0E43CE}
	EndGlobalSection
EndGlobal
